// !$*UTF8*$!
{
	archiveVersion = 1;
	classes = {
	};
	objectVersion = 56;
	objects = {

/* Begin PBXBuildFile section */
		5A557ED32B3068BC009D7D67 /* ReplayKit.framework in Frameworks */ = {isa = PBXBuildFile; fileRef = 5A557ED22B3068BB009D7D67 /* ReplayKit.framework */; };
		5A557ED62B3068BC009D7D67 /* SampleHandler.swift in Sources */ = {isa = PBXBuildFile; fileRef = 5A557ED52B3068BC009D7D67 /* SampleHandler.swift */; };
		5A557EDD2B3068BD009D7D67 /* ReplayKit.framework in Frameworks */ = {isa = PBXBuildFile; fileRef = 5A557ED22B3068BB009D7D67 /* ReplayKit.framework */; };
		5A557EDF2B3068BD009D7D67 /* UIKit.framework in Frameworks */ = {isa = PBXBuildFile; fileRef = 5A557EDE2B3068BD009D7D67 /* UIKit.framework */; };
		5A557EE22B3068BD009D7D67 /* BroadcastSetupViewController.swift in Sources */ = {isa = PBXBuildFile; fileRef = 5A557EE12B3068BD009D7D67 /* BroadcastSetupViewController.swift */; };
		5A557EE62B3068BD009D7D67 /* uploadSetupUI.appex in Embed Foundation Extensions */ = {isa = PBXBuildFile; fileRef = 5A557EDC2B3068BD009D7D67 /* uploadSetupUI.appex */; settings = {ATTRIBUTES = (RemoveHeadersOnCopy, ); }; };
		5A557EE92B3068BD009D7D67 /* upload.appex in Embed Foundation Extensions */ = {isa = PBXBuildFile; fileRef = 5A557ED02B3068BB009D7D67 /* upload.appex */; settings = {ATTRIBUTES = (RemoveHeadersOnCopy, ); }; };
		5A8606562B30640800FF4FE2 /* streamApp.swift in Sources */ = {isa = PBXBuildFile; fileRef = 5A8606552B30640800FF4FE2 /* streamApp.swift */; };
		5A8606582B30640800FF4FE2 /* ContentView.swift in Sources */ = {isa = PBXBuildFile; fileRef = 5A8606572B30640800FF4FE2 /* ContentView.swift */; };
		5A86065A2B30640D00FF4FE2 /* Assets.xcassets in Resources */ = {isa = PBXBuildFile; fileRef = 5A8606592B30640D00FF4FE2 /* Assets.xcassets */; };
		5A86065D2B30640D00FF4FE2 /* Preview Assets.xcassets in Resources */ = {isa = PBXBuildFile; fileRef = 5A86065C2B30640D00FF4FE2 /* Preview Assets.xcassets */; };
/* End PBXBuildFile section */

/* Begin PBXContainerItemProxy section */
		5A557EE42B3068BD009D7D67 /* PBXContainerItemProxy */ = {
			isa = PBXContainerItemProxy;
			containerPortal = 5A86064A2B30640800FF4FE2 /* Project object */;
			proxyType = 1;
			remoteGlobalIDString = 5A557EDB2B3068BD009D7D67;
			remoteInfo = uploadSetupUI;
		};
		5A557EE72B3068BD009D7D67 /* PBXContainerItemProxy */ = {
			isa = PBXContainerItemProxy;
			containerPortal = 5A86064A2B30640800FF4FE2 /* Project object */;
			proxyType = 1;
			remoteGlobalIDString = 5A557ECF2B3068BB009D7D67;
			remoteInfo = upload;
		};
/* End PBXContainerItemProxy section */

/* Begin PBXCopyFilesBuildPhase section */
		5A557EEA2B3068BD009D7D67 /* Embed Foundation Extensions */ = {
			isa = PBXCopyFilesBuildPhase;
			buildActionMask = 2147483647;
			dstPath = "";
			dstSubfolderSpec = 13;
			files = (
				5A557EE62B3068BD009D7D67 /* uploadSetupUI.appex in Embed Foundation Extensions */,
				5A557EE92B3068BD009D7D67 /* upload.appex in Embed Foundation Extensions */,
			);
			name = "Embed Foundation Extensions";
			runOnlyForDeploymentPostprocessing = 0;
		};
/* End PBXCopyFilesBuildPhase section */

/* Begin PBXFileReference section */
		5A557ED02B3068BB009D7D67 /* upload.appex */ = {isa = PBXFileReference; explicitFileType = "wrapper.app-extension"; includeInIndex = 0; path = upload.appex; sourceTree = BUILT_PRODUCTS_DIR; };
		5A557ED22B3068BB009D7D67 /* ReplayKit.framework */ = {isa = PBXFileReference; lastKnownFileType = wrapper.framework; name = ReplayKit.framework; path = System/Library/Frameworks/ReplayKit.framework; sourceTree = SDKROOT; };
		5A557ED52B3068BC009D7D67 /* SampleHandler.swift */ = {isa = PBXFileReference; lastKnownFileType = sourcecode.swift; path = SampleHandler.swift; sourceTree = "<group>"; };
		5A557ED72B3068BC009D7D67 /* Info.plist */ = {isa = PBXFileReference; lastKnownFileType = text.plist.xml; path = Info.plist; sourceTree = "<group>"; };
		5A557EDC2B3068BD009D7D67 /* uploadSetupUI.appex */ = {isa = PBXFileReference; explicitFileType = "wrapper.app-extension"; includeInIndex = 0; path = uploadSetupUI.appex; sourceTree = BUILT_PRODUCTS_DIR; };
		5A557EDE2B3068BD009D7D67 /* UIKit.framework */ = {isa = PBXFileReference; lastKnownFileType = wrapper.framework; name = UIKit.framework; path = System/Library/Frameworks/UIKit.framework; sourceTree = SDKROOT; };
		5A557EE12B3068BD009D7D67 /* BroadcastSetupViewController.swift */ = {isa = PBXFileReference; lastKnownFileType = sourcecode.swift; path = BroadcastSetupViewController.swift; sourceTree = "<group>"; };
		5A557EE32B3068BD009D7D67 /* Info.plist */ = {isa = PBXFileReference; lastKnownFileType = text.plist.xml; path = Info.plist; sourceTree = "<group>"; };
		5A8606522B30640800FF4FE2 /* stream.app */ = {isa = PBXFileReference; explicitFileType = wrapper.application; includeInIndex = 0; path = stream.app; sourceTree = BUILT_PRODUCTS_DIR; };
		5A8606552B30640800FF4FE2 /* streamApp.swift */ = {isa = PBXFileReference; lastKnownFileType = sourcecode.swift; path = streamApp.swift; sourceTree = "<group>"; };
		5A8606572B30640800FF4FE2 /* ContentView.swift */ = {isa = PBXFileReference; lastKnownFileType = sourcecode.swift; path = ContentView.swift; sourceTree = "<group>"; };
		5A8606592B30640D00FF4FE2 /* Assets.xcassets */ = {isa = PBXFileReference; lastKnownFileType = folder.assetcatalog; path = Assets.xcassets; sourceTree = "<group>"; };
		5A86065C2B30640D00FF4FE2 /* Preview Assets.xcassets */ = {isa = PBXFileReference; lastKnownFileType = folder.assetcatalog; path = "Preview Assets.xcassets"; sourceTree = "<group>"; };
/* End PBXFileReference section */

/* Begin PBXFrameworksBuildPhase section */
		5A557ECD2B3068BB009D7D67 /* Frameworks */ = {
			isa = PBXFrameworksBuildPhase;
			buildActionMask = 2147483647;
			files = (
				5A557ED32B3068BC009D7D67 /* ReplayKit.framework in Frameworks */,
			);
			runOnlyForDeploymentPostprocessing = 0;
		};
		5A557ED92B3068BD009D7D67 /* Frameworks */ = {
			isa = PBXFrameworksBuildPhase;
			buildActionMask = 2147483647;
			files = (
				5A557EDD2B3068BD009D7D67 /* ReplayKit.framework in Frameworks */,
				5A557EDF2B3068BD009D7D67 /* UIKit.framework in Frameworks */,
			);
			runOnlyForDeploymentPostprocessing = 0;
		};
		5A86064F2B30640800FF4FE2 /* Frameworks */ = {
			isa = PBXFrameworksBuildPhase;
			buildActionMask = 2147483647;
			files = (
			);
			runOnlyForDeploymentPostprocessing = 0;
		};
/* End PBXFrameworksBuildPhase section */

/* Begin PBXGroup section */
		5A557ED12B3068BB009D7D67 /* Frameworks */ = {
			isa = PBXGroup;
			children = (
				5A557ED22B3068BB009D7D67 /* ReplayKit.framework */,
				5A557EDE2B3068BD009D7D67 /* UIKit.framework */,
			);
			name = Frameworks;
			sourceTree = "<group>";
		};
		5A557ED42B3068BC009D7D67 /* upload */ = {
			isa = PBXGroup;
			children = (
				5A557ED52B3068BC009D7D67 /* SampleHandler.swift */,
				5A557ED72B3068BC009D7D67 /* Info.plist */,
			);
			path = upload;
			sourceTree = "<group>";
		};
		5A557EE02B3068BD009D7D67 /* uploadSetupUI */ = {
			isa = PBXGroup;
			children = (
				5A557EE12B3068BD009D7D67 /* BroadcastSetupViewController.swift */,
				5A557EE32B3068BD009D7D67 /* Info.plist */,
			);
			path = uploadSetupUI;
			sourceTree = "<group>";
		};
		5A8606492B30640800FF4FE2 = {
			isa = PBXGroup;
			children = (
				5A8606542B30640800FF4FE2 /* stream */,
				5A557ED42B3068BC009D7D67 /* upload */,
				5A557EE02B3068BD009D7D67 /* uploadSetupUI */,
				5A557ED12B3068BB009D7D67 /* Frameworks */,
				5A8606532B30640800FF4FE2 /* Products */,
			);
			sourceTree = "<group>";
		};
		5A8606532B30640800FF4FE2 /* Products */ = {
			isa = PBXGroup;
			children = (
				5A8606522B30640800FF4FE2 /* stream.app */,
				5A557ED02B3068BB009D7D67 /* upload.appex */,
				5A557EDC2B3068BD009D7D67 /* uploadSetupUI.appex */,
			);
			name = Products;
			sourceTree = "<group>";
		};
		5A8606542B30640800FF4FE2 /* stream */ = {
			isa = PBXGroup;
			children = (
				5A8606552B30640800FF4FE2 /* streamApp.swift */,
				5A8606572B30640800FF4FE2 /* ContentView.swift */,
				5A8606592B30640D00FF4FE2 /* Assets.xcassets */,
				5A86065B2B30640D00FF4FE2 /* Preview Content */,
			);
			path = stream;
			sourceTree = "<group>";
		};
		5A86065B2B30640D00FF4FE2 /* Preview Content */ = {
			isa = PBXGroup;
			children = (
				5A86065C2B30640D00FF4FE2 /* Preview Assets.xcassets */,
			);
			path = "Preview Content";
			sourceTree = "<group>";
		};
/* End PBXGroup section */

/* Begin PBXNativeTarget section */
		5A557ECF2B3068BB009D7D67 /* upload */ = {
			isa = PBXNativeTarget;
			buildConfigurationList = 5A557EF02B3068BD009D7D67 /* Build configuration list for PBXNativeTarget "upload" */;
			buildPhases = (
				5A557ECC2B3068BB009D7D67 /* Sources */,
				5A557ECD2B3068BB009D7D67 /* Frameworks */,
				5A557ECE2B3068BB009D7D67 /* Resources */,
			);
			buildRules = (
			);
			dependencies = (
			);
			name = upload;
			productName = upload;
			productReference = 5A557ED02B3068BB009D7D67 /* upload.appex */;
			productType = "com.apple.product-type.app-extension";
		};
		5A557EDB2B3068BD009D7D67 /* uploadSetupUI */ = {
			isa = PBXNativeTarget;
			buildConfigurationList = 5A557EEF2B3068BD009D7D67 /* Build configuration list for PBXNativeTarget "uploadSetupUI" */;
			buildPhases = (
				5A557ED82B3068BD009D7D67 /* Sources */,
				5A557ED92B3068BD009D7D67 /* Frameworks */,
				5A557EDA2B3068BD009D7D67 /* Resources */,
			);
			buildRules = (
			);
			dependencies = (
			);
			name = uploadSetupUI;
			productName = uploadSetupUI;
			productReference = 5A557EDC2B3068BD009D7D67 /* uploadSetupUI.appex */;
			productType = "com.apple.product-type.app-extension";
		};
		5A8606512B30640800FF4FE2 /* stream */ = {
			isa = PBXNativeTarget;
			buildConfigurationList = 5A8606602B30640D00FF4FE2 /* Build configuration list for PBXNativeTarget "stream" */;
			buildPhases = (
				5A86064E2B30640800FF4FE2 /* Sources */,
				5A86064F2B30640800FF4FE2 /* Frameworks */,
				5A8606502B30640800FF4FE2 /* Resources */,
				5A557EEA2B3068BD009D7D67 /* Embed Foundation Extensions */,
			);
			buildRules = (
			);
			dependencies = (
				5A557EE52B3068BD009D7D67 /* PBXTargetDependency */,
				5A557EE82B3068BD009D7D67 /* PBXTargetDependency */,
			);
			name = stream;
			productName = stream;
			productReference = 5A8606522B30640800FF4FE2 /* stream.app */;
			productType = "com.apple.product-type.application";
		};
/* End PBXNativeTarget section */

/* Begin PBXProject section */
		5A86064A2B30640800FF4FE2 /* Project object */ = {
			isa = PBXProject;
			attributes = {
				BuildIndependentTargetsInParallel = 1;
				LastSwiftUpdateCheck = 1500;
				LastUpgradeCheck = 1500;
				TargetAttributes = {
					5A557ECF2B3068BB009D7D67 = {
						CreatedOnToolsVersion = 15.0;
					};
					5A557EDB2B3068BD009D7D67 = {
						CreatedOnToolsVersion = 15.0;
					};
					5A8606512B30640800FF4FE2 = {
						CreatedOnToolsVersion = 15.0;
					};
				};
			};
			buildConfigurationList = 5A86064D2B30640800FF4FE2 /* Build configuration list for PBXProject "stream" */;
			compatibilityVersion = "Xcode 14.0";
			developmentRegion = en;
			hasScannedForEncodings = 0;
			knownRegions = (
				en,
				Base,
			);
			mainGroup = 5A8606492B30640800FF4FE2;
			productRefGroup = 5A8606532B30640800FF4FE2 /* Products */;
			projectDirPath = "";
			projectRoot = "";
			targets = (
				5A8606512B30640800FF4FE2 /* stream */,
				5A557ECF2B3068BB009D7D67 /* upload */,
				5A557EDB2B3068BD009D7D67 /* uploadSetupUI */,
			);
		};
/* End PBXProject section */

/* Begin PBXResourcesBuildPhase section */
		5A557ECE2B3068BB009D7D67 /* Resources */ = {
			isa = PBXResourcesBuildPhase;
			buildActionMask = 2147483647;
			files = (
			);
			runOnlyForDeploymentPostprocessing = 0;
		};
		5A557EDA2B3068BD009D7D67 /* Resources */ = {
			isa = PBXResourcesBuildPhase;
			buildActionMask = 2147483647;
			files = (
			);
			runOnlyForDeploymentPostprocessing = 0;
		};
		5A8606502B30640800FF4FE2 /* Resources */ = {
			isa = PBXResourcesBuildPhase;
			buildActionMask = 2147483647;
			files = (
				5A86065D2B30640D00FF4FE2 /* Preview Assets.xcassets in Resources */,
				5A86065A2B30640D00FF4FE2 /* Assets.xcassets in Resources */,
			);
			runOnlyForDeploymentPostprocessing = 0;
		};
/* End PBXResourcesBuildPhase section */

/* Begin PBXSourcesBuildPhase section */
		5A557ECC2B3068BB009D7D67 /* Sources */ = {
			isa = PBXSourcesBuildPhase;
			buildActionMask = 2147483647;
			files = (
				5A557ED62B3068BC009D7D67 /* SampleHandler.swift in Sources */,
			);
			runOnlyForDeploymentPostprocessing = 0;
		};
		5A557ED82B3068BD009D7D67 /* Sources */ = {
			isa = PBXSourcesBuildPhase;
			buildActionMask = 2147483647;
			files = (
				5A557EE22B3068BD009D7D67 /* BroadcastSetupViewController.swift in Sources */,
			);
			runOnlyForDeploymentPostprocessing = 0;
		};
		5A86064E2B30640800FF4FE2 /* Sources */ = {
			isa = PBXSourcesBuildPhase;
			buildActionMask = 2147483647;
			files = (
				5A8606582B30640800FF4FE2 /* ContentView.swift in Sources */,
				5A8606562B30640800FF4FE2 /* streamApp.swift in Sources */,
			);
			runOnlyForDeploymentPostprocessing = 0;
		};
/* End PBXSourcesBuildPhase section */

/* Begin PBXTargetDependency section */
		5A557EE52B3068BD009D7D67 /* PBXTargetDependency */ = {
			isa = PBXTargetDependency;
			target = 5A557EDB2B3068BD009D7D67 /* uploadSetupUI */;
			targetProxy = 5A557EE42B3068BD009D7D67 /* PBXContainerItemProxy */;
		};
		5A557EE82B3068BD009D7D67 /* PBXTargetDependency */ = {
			isa = PBXTargetDependency;
			target = 5A557ECF2B3068BB009D7D67 /* upload */;
			targetProxy = 5A557EE72B3068BD009D7D67 /* PBXContainerItemProxy */;
		};
/* End PBXTargetDependency section */

/* Begin XCBuildConfiguration section */
		5A557EEB2B3068BD009D7D67 /* Debug */ = {
			isa = XCBuildConfiguration;
			buildSettings = {
				CODE_SIGN_STYLE = Automatic;
				CURRENT_PROJECT_VERSION = 1;
				DEVELOPMENT_TEAM = Y83389NKN8;
				GENERATE_INFOPLIST_FILE = YES;
				INFOPLIST_FILE = upload/Info.plist;
				INFOPLIST_KEY_CFBundleDisplayName = upload;
				INFOPLIST_KEY_NSHumanReadableCopyright = "";
				INFOPLIST_KEY_NSLocalNetworkUsageDescription = nimm;
				LD_RUNPATH_SEARCH_PATHS = (
					"$(inherited)",
					"@executable_path/Frameworks",
					"@executable_path/../../Frameworks",
				);
				MARKETING_VERSION = 1.0;
				PRODUCT_BUNDLE_IDENTIFIER = test.stream.upload;
				PRODUCT_NAME = "$(TARGET_NAME)";
				SKIP_INSTALL = YES;
				SWIFT_EMIT_LOC_STRINGS = YES;
				SWIFT_VERSION = 5.0;
				TARGETED_DEVICE_FAMILY = "1,2";
			};
			name = Debug;
		};
		5A557EEC2B3068BD009D7D67 /* Release */ = {
			isa = XCBuildConfiguration;
			buildSettings = {
				CODE_SIGN_STYLE = Automatic;
				CURRENT_PROJECT_VERSION = 1;
				DEVELOPMENT_TEAM = Y83389NKN8;
				GENERATE_INFOPLIST_FILE = YES;
				INFOPLIST_FILE = upload/Info.plist;
				INFOPLIST_KEY_CFBundleDisplayName = upload;
				INFOPLIST_KEY_NSHumanReadableCopyright = "";
				INFOPLIST_KEY_NSLocalNetworkUsageDescription = nimm;
				LD_RUNPATH_SEARCH_PATHS = (
					"$(inherited)",
					"@executable_path/Frameworks",
					"@executable_path/../../Frameworks",
				);
				MARKETING_VERSION = 1.0;
				PRODUCT_BUNDLE_IDENTIFIER = test.stream.upload;
				PRODUCT_NAME = "$(TARGET_NAME)";
				SKIP_INSTALL = YES;
				SWIFT_EMIT_LOC_STRINGS = YES;
				SWIFT_VERSION = 5.0;
				TARGETED_DEVICE_FAMILY = "1,2";
			};
			name = Release;
		};
		5A557EED2B3068BD009D7D67 /* Debug */ = {
			isa = XCBuildConfiguration;
			buildSettings = {
				CODE_SIGN_STYLE = Automatic;
				CURRENT_PROJECT_VERSION = 1;
				DEVELOPMENT_TEAM = Y83389NKN8;
				GENERATE_INFOPLIST_FILE = YES;
				INFOPLIST_FILE = uploadSetupUI/Info.plist;
				INFOPLIST_KEY_CFBundleDisplayName = uploadSetupUI;
				INFOPLIST_KEY_NSHumanReadableCopyright = "";
				INFOPLIST_KEY_NSLocalNetworkUsageDescription = "really do need";
				LD_RUNPATH_SEARCH_PATHS = (
					"$(inherited)",
					"@executable_path/Frameworks",
					"@executable_path/../../Frameworks",
				);
				MARKETING_VERSION = 1.0;
				PRODUCT_BUNDLE_IDENTIFIER = test.stream.uploadSetupUI;
				PRODUCT_NAME = "$(TARGET_NAME)";
				SKIP_INSTALL = YES;
				SWIFT_EMIT_LOC_STRINGS = YES;
				SWIFT_VERSION = 5.0;
				TARGETED_DEVICE_FAMILY = "1,2";
			};
			name = Debug;
		};
		5A557EEE2B3068BD009D7D67 /* Release */ = {
			isa = XCBuildConfiguration;
			buildSettings = {
				CODE_SIGN_STYLE = Automatic;
				CURRENT_PROJECT_VERSION = 1;
				DEVELOPMENT_TEAM = Y83389NKN8;
				GENERATE_INFOPLIST_FILE = YES;
				INFOPLIST_FILE = uploadSetupUI/Info.plist;
				INFOPLIST_KEY_CFBundleDisplayName = uploadSetupUI;
				INFOPLIST_KEY_NSHumanReadableCopyright = "";
				INFOPLIST_KEY_NSLocalNetworkUsageDescription = "really do need";
				LD_RUNPATH_SEARCH_PATHS = (
					"$(inherited)",
					"@executable_path/Frameworks",
					"@executable_path/../../Frameworks",
				);
				MARKETING_VERSION = 1.0;
				PRODUCT_BUNDLE_IDENTIFIER = test.stream.uploadSetupUI;
				PRODUCT_NAME = "$(TARGET_NAME)";
				SKIP_INSTALL = YES;
				SWIFT_EMIT_LOC_STRINGS = YES;
				SWIFT_VERSION = 5.0;
				TARGETED_DEVICE_FAMILY = "1,2";
			};
			name = Release;
		};
		5A86065E2B30640D00FF4FE2 /* Debug */ = {
			isa = XCBuildConfiguration;
			buildSettings = {
				ALWAYS_SEARCH_USER_PATHS = NO;
				ASSETCATALOG_COMPILER_GENERATE_SWIFT_ASSET_SYMBOL_EXTENSIONS = YES;
				CLANG_ANALYZER_NONNULL = YES;
				CLANG_ANALYZER_NUMBER_OBJECT_CONVERSION = YES_AGGRESSIVE;
				CLANG_CXX_LANGUAGE_STANDARD = "gnu++20";
				CLANG_ENABLE_MODULES = YES;
				CLANG_ENABLE_OBJC_ARC = YES;
				CLANG_ENABLE_OBJC_WEAK = YES;
				CLANG_WARN_BLOCK_CAPTURE_AUTORELEASING = YES;
				CLANG_WARN_BOOL_CONVERSION = YES;
				CLANG_WARN_COMMA = YES;
				CLANG_WARN_CONSTANT_CONVERSION = YES;
				CLANG_WARN_DEPRECATED_OBJC_IMPLEMENTATIONS = YES;
				CLANG_WARN_DIRECT_OBJC_ISA_USAGE = YES_ERROR;
				CLANG_WARN_DOCUMENTATION_COMMENTS = YES;
				CLANG_WARN_EMPTY_BODY = YES;
				CLANG_WARN_ENUM_CONVERSION = YES;
				CLANG_WARN_INFINITE_RECURSION = YES;
				CLANG_WARN_INT_CONVERSION = YES;
				CLANG_WARN_NON_LITERAL_NULL_CONVERSION = YES;
				CLANG_WARN_OBJC_IMPLICIT_RETAIN_SELF = YES;
				CLANG_WARN_OBJC_LITERAL_CONVERSION = YES;
				CLANG_WARN_OBJC_ROOT_CLASS = YES_ERROR;
				CLANG_WARN_QUOTED_INCLUDE_IN_FRAMEWORK_HEADER = YES;
				CLANG_WARN_RANGE_LOOP_ANALYSIS = YES;
				CLANG_WARN_STRICT_PROTOTYPES = YES;
				CLANG_WARN_SUSPICIOUS_MOVE = YES;
				CLANG_WARN_UNGUARDED_AVAILABILITY = YES_AGGRESSIVE;
				CLANG_WARN_UNREACHABLE_CODE = YES;
				CLANG_WARN__DUPLICATE_METHOD_MATCH = YES;
				COPY_PHASE_STRIP = NO;
				DEBUG_INFORMATION_FORMAT = dwarf;
				ENABLE_STRICT_OBJC_MSGSEND = YES;
				ENABLE_TESTABILITY = YES;
				ENABLE_USER_SCRIPT_SANDBOXING = YES;
				GCC_C_LANGUAGE_STANDARD = gnu17;
				GCC_DYNAMIC_NO_PIC = NO;
				GCC_NO_COMMON_BLOCKS = YES;
				GCC_OPTIMIZATION_LEVEL = 0;
				GCC_PREPROCESSOR_DEFINITIONS = (
					"DEBUG=1",
					"$(inherited)",
				);
				GCC_WARN_64_TO_32_BIT_CONVERSION = YES;
				GCC_WARN_ABOUT_RETURN_TYPE = YES_ERROR;
				GCC_WARN_UNDECLARED_SELECTOR = YES;
				GCC_WARN_UNINITIALIZED_AUTOS = YES_AGGRESSIVE;
				GCC_WARN_UNUSED_FUNCTION = YES;
				GCC_WARN_UNUSED_VARIABLE = YES;
				IPHONEOS_DEPLOYMENT_TARGET = 17.0;
				LOCALIZATION_PREFERS_STRING_CATALOGS = YES;
				MTL_ENABLE_DEBUG_INFO = INCLUDE_SOURCE;
				MTL_FAST_MATH = YES;
				ONLY_ACTIVE_ARCH = YES;
				SDKROOT = iphoneos;
				SWIFT_ACTIVE_COMPILATION_CONDITIONS = "DEBUG $(inherited)";
				SWIFT_OPTIMIZATION_LEVEL = "-Onone";
			};
			name = Debug;
		};
		5A86065F2B30640D00FF4FE2 /* Release */ = {
			isa = XCBuildConfiguration;
			buildSettings = {
				ALWAYS_SEARCH_USER_PATHS = NO;
				ASSETCATALOG_COMPILER_GENERATE_SWIFT_ASSET_SYMBOL_EXTENSIONS = YES;
				CLANG_ANALYZER_NONNULL = YES;
				CLANG_ANALYZER_NUMBER_OBJECT_CONVERSION = YES_AGGRESSIVE;
				CLANG_CXX_LANGUAGE_STANDARD = "gnu++20";
				CLANG_ENABLE_MODULES = YES;
				CLANG_ENABLE_OBJC_ARC = YES;
				CLANG_ENABLE_OBJC_WEAK = YES;
				CLANG_WARN_BLOCK_CAPTURE_AUTORELEASING = YES;
				CLANG_WARN_BOOL_CONVERSION = YES;
				CLANG_WARN_COMMA = YES;
				CLANG_WARN_CONSTANT_CONVERSION = YES;
				CLANG_WARN_DEPRECATED_OBJC_IMPLEMENTATIONS = YES;
				CLANG_WARN_DIRECT_OBJC_ISA_USAGE = YES_ERROR;
				CLANG_WARN_DOCUMENTATION_COMMENTS = YES;
				CLANG_WARN_EMPTY_BODY = YES;
				CLANG_WARN_ENUM_CONVERSION = YES;
				CLANG_WARN_INFINITE_RECURSION = YES;
				CLANG_WARN_INT_CONVERSION = YES;
				CLANG_WARN_NON_LITERAL_NULL_CONVERSION = YES;
				CLANG_WARN_OBJC_IMPLICIT_RETAIN_SELF = YES;
				CLANG_WARN_OBJC_LITERAL_CONVERSION = YES;
				CLANG_WARN_OBJC_ROOT_CLASS = YES_ERROR;
				CLANG_WARN_QUOTED_INCLUDE_IN_FRAMEWORK_HEADER = YES;
				CLANG_WARN_RANGE_LOOP_ANALYSIS = YES;
				CLANG_WARN_STRICT_PROTOTYPES = YES;
				CLANG_WARN_SUSPICIOUS_MOVE = YES;
				CLANG_WARN_UNGUARDED_AVAILABILITY = YES_AGGRESSIVE;
				CLANG_WARN_UNREACHABLE_CODE = YES;
				CLANG_WARN__DUPLICATE_METHOD_MATCH = YES;
				COPY_PHASE_STRIP = NO;
				DEBUG_INFORMATION_FORMAT = "dwarf-with-dsym";
				ENABLE_NS_ASSERTIONS = NO;
				ENABLE_STRICT_OBJC_MSGSEND = YES;
				ENABLE_USER_SCRIPT_SANDBOXING = YES;
				GCC_C_LANGUAGE_STANDARD = gnu17;
				GCC_NO_COMMON_BLOCKS = YES;
				GCC_WARN_64_TO_32_BIT_CONVERSION = YES;
				GCC_WARN_ABOUT_RETURN_TYPE = YES_ERROR;
				GCC_WARN_UNDECLARED_SELECTOR = YES;
				GCC_WARN_UNINITIALIZED_AUTOS = YES_AGGRESSIVE;
				GCC_WARN_UNUSED_FUNCTION = YES;
				GCC_WARN_UNUSED_VARIABLE = YES;
				IPHONEOS_DEPLOYMENT_TARGET = 17.0;
				LOCALIZATION_PREFERS_STRING_CATALOGS = YES;
				MTL_ENABLE_DEBUG_INFO = NO;
				MTL_FAST_MATH = YES;
				SDKROOT = iphoneos;
				SWIFT_COMPILATION_MODE = wholemodule;
				VALIDATE_PRODUCT = YES;
			};
			name = Release;
		};
		5A8606612B30640D00FF4FE2 /* Debug */ = {
			isa = XCBuildConfiguration;
			buildSettings = {
				ALWAYS_EMBED_SWIFT_STANDARD_LIBRARIES = YES;
				ASSETCATALOG_COMPILER_APPICON_NAME = AppIcon;
				ASSETCATALOG_COMPILER_GLOBAL_ACCENT_COLOR_NAME = AccentColor;
				CODE_SIGN_STYLE = Automatic;
				CURRENT_PROJECT_VERSION = 1;
				DEVELOPMENT_ASSET_PATHS = "\"stream/Preview Content\"";
				DEVELOPMENT_TEAM = Y83389NKN8;
				ENABLE_PREVIEWS = YES;
				GENERATE_INFOPLIST_FILE = YES;
				INFOPLIST_KEY_NSLocalNetworkUsageDescription = aaaa;
				INFOPLIST_KEY_NSPhotoLibraryUsageDescription = nned;
				INFOPLIST_KEY_UIApplicationSceneManifest_Generation = YES;
				INFOPLIST_KEY_UIApplicationSupportsIndirectInputEvents = YES;
				INFOPLIST_KEY_UILaunchScreen_Generation = YES;
				INFOPLIST_KEY_UISupportedInterfaceOrientations_iPad = "UIInterfaceOrientationPortrait UIInterfaceOrientationPortraitUpsideDown UIInterfaceOrientationLandscapeLeft UIInterfaceOrientationLandscapeRight";
				INFOPLIST_KEY_UISupportedInterfaceOrientations_iPhone = "UIInterfaceOrientationPortrait UIInterfaceOrientationLandscapeLeft UIInterfaceOrientationLandscapeRight";
				LD_RUNPATH_SEARCH_PATHS = (
					"$(inherited)",
					"@executable_path/Frameworks",
				);
				MARKETING_VERSION = 1.0;
				PRODUCT_BUNDLE_IDENTIFIER = test.stream;
				PRODUCT_NAME = "$(TARGET_NAME)";
				SWIFT_EMIT_LOC_STRINGS = YES;
				SWIFT_VERSION = 5.0;
				TARGETED_DEVICE_FAMILY = "1,2";
			};
			name = Debug;
		};
		5A8606622B30640D00FF4FE2 /* Release */ = {
			isa = XCBuildConfiguration;
			buildSettings = {
				ALWAYS_EMBED_SWIFT_STANDARD_LIBRARIES = YES;
				ASSETCATALOG_COMPILER_APPICON_NAME = AppIcon;
				ASSETCATALOG_COMPILER_GLOBAL_ACCENT_COLOR_NAME = AccentColor;
				CODE_SIGN_STYLE = Automatic;
				CURRENT_PROJECT_VERSION = 1;
				DEVELOPMENT_ASSET_PATHS = "\"stream/Preview Content\"";
				DEVELOPMENT_TEAM = Y83389NKN8;
				ENABLE_PREVIEWS = YES;
				GENERATE_INFOPLIST_FILE = YES;
				INFOPLIST_KEY_NSLocalNetworkUsageDescription = aaaa;
				INFOPLIST_KEY_NSPhotoLibraryUsageDescription = nned;
				INFOPLIST_KEY_UIApplicationSceneManifest_Generation = YES;
				INFOPLIST_KEY_UIApplicationSupportsIndirectInputEvents = YES;
				INFOPLIST_KEY_UILaunchScreen_Generation = YES;
				INFOPLIST_KEY_UISupportedInterfaceOrientations_iPad = "UIInterfaceOrientationPortrait UIInterfaceOrientationPortraitUpsideDown UIInterfaceOrientationLandscapeLeft UIInterfaceOrientationLandscapeRight";
				INFOPLIST_KEY_UISupportedInterfaceOrientations_iPhone = "UIInterfaceOrientationPortrait UIInterfaceOrientationLandscapeLeft UIInterfaceOrientationLandscapeRight";
				LD_RUNPATH_SEARCH_PATHS = (
					"$(inherited)",
					"@executable_path/Frameworks",
				);
				MARKETING_VERSION = 1.0;
				PRODUCT_BUNDLE_IDENTIFIER = test.stream;
				PRODUCT_NAME = "$(TARGET_NAME)";
				SWIFT_EMIT_LOC_STRINGS = YES;
				SWIFT_VERSION = 5.0;
				TARGETED_DEVICE_FAMILY = "1,2";
			};
			name = Release;
		};
/* End XCBuildConfiguration section */

/* Begin XCConfigurationList section */
		5A557EEF2B3068BD009D7D67 /* Build configuration list for PBXNativeTarget "uploadSetupUI" */ = {
			isa = XCConfigurationList;
			buildConfigurations = (
				5A557EED2B3068BD009D7D67 /* Debug */,
				5A557EEE2B3068BD009D7D67 /* Release */,
			);
			defaultConfigurationIsVisible = 0;
			defaultConfigurationName = Release;
		};
		5A557EF02B3068BD009D7D67 /* Build configuration list for PBXNativeTarget "upload" */ = {
			isa = XCConfigurationList;
			buildConfigurations = (
				5A557EEB2B3068BD009D7D67 /* Debug */,
				5A557EEC2B3068BD009D7D67 /* Release */,
			);
			defaultConfigurationIsVisible = 0;
			defaultConfigurationName = Release;
		};
		5A86064D2B30640800FF4FE2 /* Build configuration list for PBXProject "stream" */ = {
			isa = XCConfigurationList;
			buildConfigurations = (
				5A86065E2B30640D00FF4FE2 /* Debug */,
				5A86065F2B30640D00FF4FE2 /* Release */,
			);
			defaultConfigurationIsVisible = 0;
			defaultConfigurationName = Release;
		};
		5A8606602B30640D00FF4FE2 /* Build configuration list for PBXNativeTarget "stream" */ = {
			isa = XCConfigurationList;
			buildConfigurations = (
				5A8606612B30640D00FF4FE2 /* Debug */,
				5A8606622B30640D00FF4FE2 /* Release */,
			);
			defaultConfigurationIsVisible = 0;
			defaultConfigurationName = Release;
		};
/* End XCConfigurationList section */
	};
	rootObject = 5A86064A2B30640800FF4FE2 /* Project object */;
}
